// !$*UTF8*$!
{
	archiveVersion = 1;
	classes = {
	};
	objectVersion = 50;
	objects = {

/* Begin PBXBuildFile section */
		BA1D2C9420C97AB9002C11EA /* AppDelegate.swift in Sources */ = {isa = PBXBuildFile; fileRef = BA1D2C9320C97AB9002C11EA /* AppDelegate.swift */; };
		BA1D2C9620C97AB9002C11EA /* ViewController.swift in Sources */ = {isa = PBXBuildFile; fileRef = BA1D2C9520C97AB9002C11EA /* ViewController.swift */; };
		BA1D2C9920C97AB9002C11EA /* Main.storyboard in Resources */ = {isa = PBXBuildFile; fileRef = BA1D2C9720C97AB9002C11EA /* Main.storyboard */; };
		BA1D2C9B20C97ABB002C11EA /* Assets.xcassets in Resources */ = {isa = PBXBuildFile; fileRef = BA1D2C9A20C97ABB002C11EA /* Assets.xcassets */; };
		BA1D2C9E20C97ABB002C11EA /* LaunchScreen.storyboard in Resources */ = {isa = PBXBuildFile; fileRef = BA1D2C9C20C97ABB002C11EA /* LaunchScreen.storyboard */; };
		BA1D2CA920C97ABB002C11EA /* TableViewFunTests.swift in Sources */ = {isa = PBXBuildFile; fileRef = BA1D2CA820C97ABB002C11EA /* TableViewFunTests.swift */; };
		BA1D2CB420C97ABB002C11EA /* TableViewFunUITests.swift in Sources */ = {isa = PBXBuildFile; fileRef = BA1D2CB320C97ABB002C11EA /* TableViewFunUITests.swift */; };
/* End PBXBuildFile section */

/* Begin PBXContainerItemProxy section */
		BA1D2CA520C97ABB002C11EA /* PBXContainerItemProxy */ = {
			isa = PBXContainerItemProxy;
			containerPortal = BA1D2C8820C97AB9002C11EA /* Project object */;
			proxyType = 1;
			remoteGlobalIDString = BA1D2C8F20C97AB9002C11EA;
			remoteInfo = TableViewFun;
		};
		BA1D2CB020C97ABB002C11EA /* PBXContainerItemProxy */ = {
			isa = PBXContainerItemProxy;
			containerPortal = BA1D2C8820C97AB9002C11EA /* Project object */;
			proxyType = 1;
			remoteGlobalIDString = BA1D2C8F20C97AB9002C11EA;
			remoteInfo = TableViewFun;
		};
/* End PBXContainerItemProxy section */

/* Begin PBXFileReference section */
		BA1D2C9020C97AB9002C11EA /* TableViewFun.app */ = {isa = PBXFileReference; explicitFileType = wrapper.application; includeInIndex = 0; path = TableViewFun.app; sourceTree = BUILT_PRODUCTS_DIR; };
		BA1D2C9320C97AB9002C11EA /* AppDelegate.swift */ = {isa = PBXFileReference; lastKnownFileType = sourcecode.swift; path = AppDelegate.swift; sourceTree = "<group>"; };
		BA1D2C9520C97AB9002C11EA /* ViewController.swift */ = {isa = PBXFileReference; lastKnownFileType = sourcecode.swift; path = ViewController.swift; sourceTree = "<group>"; };
		BA1D2C9820C97AB9002C11EA /* Base */ = {isa = PBXFileReference; lastKnownFileType = file.storyboard; name = Base; path = Base.lproj/Main.storyboard; sourceTree = "<group>"; };
		BA1D2C9A20C97ABB002C11EA /* Assets.xcassets */ = {isa = PBXFileReference; lastKnownFileType = folder.assetcatalog; path = Assets.xcassets; sourceTree = "<group>"; };
		BA1D2C9D20C97ABB002C11EA /* Base */ = {isa = PBXFileReference; lastKnownFileType = file.storyboard; name = Base; path = Base.lproj/LaunchScreen.storyboard; sourceTree = "<group>"; };
		BA1D2C9F20C97ABB002C11EA /* Info.plist */ = {isa = PBXFileReference; lastKnownFileType = text.plist.xml; path = Info.plist; sourceTree = "<group>"; };
		BA1D2CA420C97ABB002C11EA /* TableViewFunTests.xctest */ = {isa = PBXFileReference; explicitFileType = wrapper.cfbundle; includeInIndex = 0; path = TableViewFunTests.xctest; sourceTree = BUILT_PRODUCTS_DIR; };
		BA1D2CA820C97ABB002C11EA /* TableViewFunTests.swift */ = {isa = PBXFileReference; lastKnownFileType = sourcecode.swift; path = TableViewFunTests.swift; sourceTree = "<group>"; };
		BA1D2CAA20C97ABB002C11EA /* Info.plist */ = {isa = PBXFileReference; lastKnownFileType = text.plist.xml; path = Info.plist; sourceTree = "<group>"; };
		BA1D2CAF20C97ABB002C11EA /* TableViewFunUITests.xctest */ = {isa = PBXFileReference; explicitFileType = wrapper.cfbundle; includeInIndex = 0; path = TableViewFunUITests.xctest; sourceTree = BUILT_PRODUCTS_DIR; };
		BA1D2CB320C97ABB002C11EA /* TableViewFunUITests.swift */ = {isa = PBXFileReference; lastKnownFileType = sourcecode.swift; path = TableViewFunUITests.swift; sourceTree = "<group>"; };
		BA1D2CB520C97ABB002C11EA /* Info.plist */ = {isa = PBXFileReference; lastKnownFileType = text.plist.xml; path = Info.plist; sourceTree = "<group>"; };
/* End PBXFileReference section */

/* Begin PBXFrameworksBuildPhase section */
		BA1D2C8D20C97AB9002C11EA /* Frameworks */ = {
			isa = PBXFrameworksBuildPhase;
			buildActionMask = 2147483647;
			files = (
			);
			runOnlyForDeploymentPostprocessing = 0;
		};
		BA1D2CA120C97ABB002C11EA /* Frameworks */ = {
			isa = PBXFrameworksBuildPhase;
			buildActionMask = 2147483647;
			files = (
			);
			runOnlyForDeploymentPostprocessing = 0;
		};
		BA1D2CAC20C97ABB002C11EA /* Frameworks */ = {
			isa = PBXFrameworksBuildPhase;
			buildActionMask = 2147483647;
			files = (
			);
			runOnlyForDeploymentPostprocessing = 0;
		};
/* End PBXFrameworksBuildPhase section */

/* Begin PBXGroup section */
		BA1D2C8720C97AB9002C11EA = {
			isa = PBXGroup;
			children = (
				BA1D2C9220C97AB9002C11EA /* TableViewFun */,
				BA1D2CA720C97ABB002C11EA /* TableViewFunTests */,
				BA1D2CB220C97ABB002C11EA /* TableViewFunUITests */,
				BA1D2C9120C97AB9002C11EA /* Products */,
			);
			sourceTree = "<group>";
		};
		BA1D2C9120C97AB9002C11EA /* Products */ = {
			isa = PBXGroup;
			children = (
				BA1D2C9020C97AB9002C11EA /* TableViewFun.app */,
				BA1D2CA420C97ABB002C11EA /* TableViewFunTests.xctest */,
				BA1D2CAF20C97ABB002C11EA /* TableViewFunUITests.xctest */,
			);
			name = Products;
			sourceTree = "<group>";
		};
		BA1D2C9220C97AB9002C11EA /* TableViewFun */ = {
			isa = PBXGroup;
			children = (
				BA1D2C9320C97AB9002C11EA /* AppDelegate.swift */,
				BA1D2C9520C97AB9002C11EA /* ViewController.swift */,
				BA1D2C9720C97AB9002C11EA /* Main.storyboard */,
				BA1D2C9A20C97ABB002C11EA /* Assets.xcassets */,
				BA1D2C9C20C97ABB002C11EA /* LaunchScreen.storyboard */,
				BA1D2C9F20C97ABB002C11EA /* Info.plist */,
			);
			path = TableViewFun;
			sourceTree = "<group>";
		};
		BA1D2CA720C97ABB002C11EA /* TableViewFunTests */ = {
			isa = PBXGroup;
			children = (
				BA1D2CA820C97ABB002C11EA /* TableViewFunTests.swift */,
				BA1D2CAA20C97ABB002C11EA /* Info.plist */,
			);
			path = TableViewFunTests;
			sourceTree = "<group>";
		};
		BA1D2CB220C97ABB002C11EA /* TableViewFunUITests */ = {
			isa = PBXGroup;
			children = (
				BA1D2CB320C97ABB002C11EA /* TableViewFunUITests.swift */,
				BA1D2CB520C97ABB002C11EA /* Info.plist */,
			);
			path = TableViewFunUITests;
			sourceTree = "<group>";
		};
/* End PBXGroup section */

/* Begin PBXNativeTarget section */
		BA1D2C8F20C97AB9002C11EA /* TableViewFun */ = {
			isa = PBXNativeTarget;
			buildConfigurationList = BA1D2CB820C97ABB002C11EA /* Build configuration list for PBXNativeTarget "TableViewFun" */;
			buildPhases = (
				BA1D2C8C20C97AB9002C11EA /* Sources */,
				BA1D2C8D20C97AB9002C11EA /* Frameworks */,
				BA1D2C8E20C97AB9002C11EA /* Resources */,
			);
			buildRules = (
			);
			dependencies = (
			);
			name = TableViewFun;
			productName = TableViewFun;
			productReference = BA1D2C9020C97AB9002C11EA /* TableViewFun.app */;
			productType = "com.apple.product-type.application";
		};
		BA1D2CA320C97ABB002C11EA /* TableViewFunTests */ = {
			isa = PBXNativeTarget;
			buildConfigurationList = BA1D2CBB20C97ABB002C11EA /* Build configuration list for PBXNativeTarget "TableViewFunTests" */;
			buildPhases = (
				BA1D2CA020C97ABB002C11EA /* Sources */,
				BA1D2CA120C97ABB002C11EA /* Frameworks */,
				BA1D2CA220C97ABB002C11EA /* Resources */,
			);
			buildRules = (
			);
			dependencies = (
				BA1D2CA620C97ABB002C11EA /* PBXTargetDependency */,
			);
			name = TableViewFunTests;
			productName = TableViewFunTests;
			productReference = BA1D2CA420C97ABB002C11EA /* TableViewFunTests.xctest */;
			productType = "com.apple.product-type.bundle.unit-test";
		};
		BA1D2CAE20C97ABB002C11EA /* TableViewFunUITests */ = {
			isa = PBXNativeTarget;
			buildConfigurationList = BA1D2CBE20C97ABB002C11EA /* Build configuration list for PBXNativeTarget "TableViewFunUITests" */;
			buildPhases = (
				BA1D2CAB20C97ABB002C11EA /* Sources */,
				BA1D2CAC20C97ABB002C11EA /* Frameworks */,
				BA1D2CAD20C97ABB002C11EA /* Resources */,
			);
			buildRules = (
			);
			dependencies = (
				BA1D2CB120C97ABB002C11EA /* PBXTargetDependency */,
			);
			name = TableViewFunUITests;
			productName = TableViewFunUITests;
			productReference = BA1D2CAF20C97ABB002C11EA /* TableViewFunUITests.xctest */;
			productType = "com.apple.product-type.bundle.ui-testing";
		};
/* End PBXNativeTarget section */

/* Begin PBXProject section */
		BA1D2C8820C97AB9002C11EA /* Project object */ = {
			isa = PBXProject;
			attributes = {
				LastSwiftUpdateCheck = 0940;
				LastUpgradeCheck = 0940;
				ORGANIZATIONNAME = "Pawel Kijowski";
				TargetAttributes = {
					BA1D2C8F20C97AB9002C11EA = {
						CreatedOnToolsVersion = 9.4;
					};
					BA1D2CA320C97ABB002C11EA = {
						CreatedOnToolsVersion = 9.4;
						TestTargetID = BA1D2C8F20C97AB9002C11EA;
					};
					BA1D2CAE20C97ABB002C11EA = {
						CreatedOnToolsVersion = 9.4;
						TestTargetID = BA1D2C8F20C97AB9002C11EA;
					};
				};
			};
			buildConfigurationList = BA1D2C8B20C97AB9002C11EA /* Build configuration list for PBXProject "TableViewFun" */;
			compatibilityVersion = "Xcode 9.3";
			developmentRegion = en;
			hasScannedForEncodings = 0;
			knownRegions = (
				en,
				Base,
			);
			mainGroup = BA1D2C8720C97AB9002C11EA;
			productRefGroup = BA1D2C9120C97AB9002C11EA /* Products */;
			projectDirPath = "";
			projectRoot = "";
			targets = (
				BA1D2C8F20C97AB9002C11EA /* TableViewFun */,
				BA1D2CA320C97ABB002C11EA /* TableViewFunTests */,
				BA1D2CAE20C97ABB002C11EA /* TableViewFunUITests */,
			);
		};
/* End PBXProject section */

/* Begin PBXResourcesBuildPhase section */
		BA1D2C8E20C97AB9002C11EA /* Resources */ = {
			isa = PBXResourcesBuildPhase;
			buildActionMask = 2147483647;
			files = (
				BA1D2C9E20C97ABB002C11EA /* LaunchScreen.storyboard in Resources */,
				BA1D2C9B20C97ABB002C11EA /* Assets.xcassets in Resources */,
				BA1D2C9920C97AB9002C11EA /* Main.storyboard in Resources */,
			);
			runOnlyForDeploymentPostprocessing = 0;
		};
		BA1D2CA220C97ABB002C11EA /* Resources */ = {
			isa = PBXResourcesBuildPhase;
			buildActionMask = 2147483647;
			files = (
			);
			runOnlyForDeploymentPostprocessing = 0;
		};
		BA1D2CAD20C97ABB002C11EA /* Resources */ = {
			isa = PBXResourcesBuildPhase;
			buildActionMask = 2147483647;
			files = (
			);
			runOnlyForDeploymentPostprocessing = 0;
		};
/* End PBXResourcesBuildPhase section */

/* Begin PBXSourcesBuildPhase section */
		BA1D2C8C20C97AB9002C11EA /* Sources */ = {
			isa = PBXSourcesBuildPhase;
			buildActionMask = 2147483647;
			files = (
				BA1D2C9620C97AB9002C11EA /* ViewController.swift in Sources */,
				BA1D2C9420C97AB9002C11EA /* AppDelegate.swift in Sources */,
			);
			runOnlyForDeploymentPostprocessing = 0;
		};
		BA1D2CA020C97ABB002C11EA /* Sources */ = {
			isa = PBXSourcesBuildPhase;
			buildActionMask = 2147483647;
			files = (
				BA1D2CA920C97ABB002C11EA /* TableViewFunTests.swift in Sources */,
			);
			runOnlyForDeploymentPostprocessing = 0;
		};
		BA1D2CAB20C97ABB002C11EA /* Sources */ = {
			isa = PBXSourcesBuildPhase;
			buildActionMask = 2147483647;
			files = (
				BA1D2CB420C97ABB002C11EA /* TableViewFunUITests.swift in Sources */,
			);
			runOnlyForDeploymentPostprocessing = 0;
		};
/* End PBXSourcesBuildPhase section */

/* Begin PBXTargetDependency section */
		BA1D2CA620C97ABB002C11EA /* PBXTargetDependency */ = {
			isa = PBXTargetDependency;
			target = BA1D2C8F20C97AB9002C11EA /* TableViewFun */;
			targetProxy = BA1D2CA520C97ABB002C11EA /* PBXContainerItemProxy */;
		};
		BA1D2CB120C97ABB002C11EA /* PBXTargetDependency */ = {
			isa = PBXTargetDependency;
			target = BA1D2C8F20C97AB9002C11EA /* TableViewFun */;
			targetProxy = BA1D2CB020C97ABB002C11EA /* PBXContainerItemProxy */;
		};
/* End PBXTargetDependency section */

/* Begin PBXVariantGroup section */
		BA1D2C9720C97AB9002C11EA /* Main.storyboard */ = {
			isa = PBXVariantGroup;
			children = (
				BA1D2C9820C97AB9002C11EA /* Base */,
			);
			name = Main.storyboard;
			sourceTree = "<group>";
		};
		BA1D2C9C20C97ABB002C11EA /* LaunchScreen.storyboard */ = {
			isa = PBXVariantGroup;
			children = (
				BA1D2C9D20C97ABB002C11EA /* Base */,
			);
			name = LaunchScreen.storyboard;
			sourceTree = "<group>";
		};
/* End PBXVariantGroup section */

/* Begin XCBuildConfiguration section */
		BA1D2CB620C97ABB002C11EA /* Debug */ = {
			isa = XCBuildConfiguration;
			buildSettings = {
				ALWAYS_SEARCH_USER_PATHS = NO;
				CLANG_ANALYZER_NONNULL = YES;
				CLANG_ANALYZER_NUMBER_OBJECT_CONVERSION = YES_AGGRESSIVE;
				CLANG_CXX_LANGUAGE_STANDARD = "gnu++14";
				CLANG_CXX_LIBRARY = "libc++";
				CLANG_ENABLE_MODULES = YES;
				CLANG_ENABLE_OBJC_ARC = YES;
				CLANG_ENABLE_OBJC_WEAK = YES;
				CLANG_WARN_BLOCK_CAPTURE_AUTORELEASING = YES;
				CLANG_WARN_BOOL_CONVERSION = YES;
				CLANG_WARN_COMMA = YES;
				CLANG_WARN_CONSTANT_CONVERSION = YES;
				CLANG_WARN_DEPRECATED_OBJC_IMPLEMENTATIONS = YES;
				CLANG_WARN_DIRECT_OBJC_ISA_USAGE = YES_ERROR;
				CLANG_WARN_DOCUMENTATION_COMMENTS = YES;
				CLANG_WARN_EMPTY_BODY = YES;
				CLANG_WARN_ENUM_CONVERSION = YES;
				CLANG_WARN_INFINITE_RECURSION = YES;
				CLANG_WARN_INT_CONVERSION = YES;
				CLANG_WARN_NON_LITERAL_NULL_CONVERSION = YES;
				CLANG_WARN_OBJC_IMPLICIT_RETAIN_SELF = YES;
				CLANG_WARN_OBJC_LITERAL_CONVERSION = YES;
				CLANG_WARN_OBJC_ROOT_CLASS = YES_ERROR;
				CLANG_WARN_RANGE_LOOP_ANALYSIS = YES;
				CLANG_WARN_STRICT_PROTOTYPES = YES;
				CLANG_WARN_SUSPICIOUS_MOVE = YES;
				CLANG_WARN_UNGUARDED_AVAILABILITY = YES_AGGRESSIVE;
				CLANG_WARN_UNREACHABLE_CODE = YES;
				CLANG_WARN__DUPLICATE_METHOD_MATCH = YES;
				CODE_SIGN_IDENTITY = "iPhone Developer";
				COPY_PHASE_STRIP = NO;
				DEBUG_INFORMATION_FORMAT = dwarf;
				ENABLE_STRICT_OBJC_MSGSEND = YES;
				ENABLE_TESTABILITY = YES;
				GCC_C_LANGUAGE_STANDARD = gnu11;
				GCC_DYNAMIC_NO_PIC = NO;
				GCC_NO_COMMON_BLOCKS = YES;
				GCC_OPTIMIZATION_LEVEL = 0;
				GCC_PREPROCESSOR_DEFINITIONS = (
					"DEBUG=1",
					"$(inherited)",
				);
				GCC_WARN_64_TO_32_BIT_CONVERSION = YES;
				GCC_WARN_ABOUT_RETURN_TYPE = YES_ERROR;
				GCC_WARN_UNDECLARED_SELECTOR = YES;
				GCC_WARN_UNINITIALIZED_AUTOS = YES_AGGRESSIVE;
				GCC_WARN_UNUSED_FUNCTION = YES;
				GCC_WARN_UNUSED_VARIABLE = YES;
				IPHONEOS_DEPLOYMENT_TARGET = 11.4;
				MTL_ENABLE_DEBUG_INFO = YES;
				ONLY_ACTIVE_ARCH = YES;
				SDKROOT = iphoneos;
				SWIFT_ACTIVE_COMPILATION_CONDITIONS = DEBUG;
				SWIFT_OPTIMIZATION_LEVEL = "-Onone";
			};
			name = Debug;
		};
		BA1D2CB720C97ABB002C11EA /* Release */ = {
			isa = XCBuildConfiguration;
			buildSettings = {
				ALWAYS_SEARCH_USER_PATHS = NO;
				CLANG_ANALYZER_NONNULL = YES;
				CLANG_ANALYZER_NUMBER_OBJECT_CONVERSION = YES_AGGRESSIVE;
				CLANG_CXX_LANGUAGE_STANDARD = "gnu++14";
				CLANG_CXX_LIBRARY = "libc++";
				CLANG_ENABLE_MODULES = YES;
				CLANG_ENABLE_OBJC_ARC = YES;
				CLANG_ENABLE_OBJC_WEAK = YES;
				CLANG_WARN_BLOCK_CAPTURE_AUTORELEASING = YES;
				CLANG_WARN_BOOL_CONVERSION = YES;
				CLANG_WARN_COMMA = YES;
				CLANG_WARN_CONSTANT_CONVERSION = YES;
				CLANG_WARN_DEPRECATED_OBJC_IMPLEMENTATIONS = YES;
				CLANG_WARN_DIRECT_OBJC_ISA_USAGE = YES_ERROR;
				CLANG_WARN_DOCUMENTATION_COMMENTS = YES;
				CLANG_WARN_EMPTY_BODY = YES;
				CLANG_WARN_ENUM_CONVERSION = YES;
				CLANG_WARN_INFINITE_RECURSION = YES;
				CLANG_WARN_INT_CONVERSION = YES;
				CLANG_WARN_NON_LITERAL_NULL_CONVERSION = YES;
				CLANG_WARN_OBJC_IMPLICIT_RETAIN_SELF = YES;
				CLANG_WARN_OBJC_LITERAL_CONVERSION = YES;
				CLANG_WARN_OBJC_ROOT_CLASS = YES_ERROR;
				CLANG_WARN_RANGE_LOOP_ANALYSIS = YES;
				CLANG_WARN_STRICT_PROTOTYPES = YES;
				CLANG_WARN_SUSPICIOUS_MOVE = YES;
				CLANG_WARN_UNGUARDED_AVAILABILITY = YES_AGGRESSIVE;
				CLANG_WARN_UNREACHABLE_CODE = YES;
				CLANG_WARN__DUPLICATE_METHOD_MATCH = YES;
				CODE_SIGN_IDENTITY = "iPhone Developer";
				COPY_PHASE_STRIP = NO;
				DEBUG_INFORMATION_FORMAT = "dwarf-with-dsym";
				ENABLE_NS_ASSERTIONS = NO;
				ENABLE_STRICT_OBJC_MSGSEND = YES;
				GCC_C_LANGUAGE_STANDARD = gnu11;
				GCC_NO_COMMON_BLOCKS = YES;
				GCC_WARN_64_TO_32_BIT_CONVERSION = YES;
				GCC_WARN_ABOUT_RETURN_TYPE = YES_ERROR;
				GCC_WARN_UNDECLARED_SELECTOR = YES;
				GCC_WARN_UNINITIALIZED_AUTOS = YES_AGGRESSIVE;
				GCC_WARN_UNUSED_FUNCTION = YES;
				GCC_WARN_UNUSED_VARIABLE = YES;
				IPHONEOS_DEPLOYMENT_TARGET = 11.4;
				MTL_ENABLE_DEBUG_INFO = NO;
				SDKROOT = iphoneos;
				SWIFT_COMPILATION_MODE = wholemodule;
				SWIFT_OPTIMIZATION_LEVEL = "-O";
				VALIDATE_PRODUCT = YES;
			};
			name = Release;
		};
		BA1D2CB920C97ABB002C11EA /* Debug */ = {
			isa = XCBuildConfiguration;
			buildSettings = {
				ASSETCATALOG_COMPILER_APPICON_NAME = AppIcon;
				CODE_SIGN_STYLE = Automatic;
				DEVELOPMENT_TEAM = N3FQ24S5A7;
				INFOPLIST_FILE = TableViewFun/Info.plist;
				LD_RUNPATH_SEARCH_PATHS = (
					"$(inherited)",
					"@executable_path/Frameworks",
				);
				PRODUCT_BUNDLE_IDENTIFIER = com.zimperium.TableViewFun;
				PRODUCT_NAME = "$(TARGET_NAME)";
				SWIFT_VERSION = 4.0;
				TARGETED_DEVICE_FAMILY = "1,2";
			};
			name = Debug;
		};
		BA1D2CBA20C97ABB002C11EA /* Release */ = {
			isa = XCBuildConfiguration;
			buildSettings = {
				ASSETCATALOG_COMPILER_APPICON_NAME = AppIcon;
				CODE_SIGN_STYLE = Automatic;
				DEVELOPMENT_TEAM = N3FQ24S5A7;
				INFOPLIST_FILE = TableViewFun/Info.plist;
				LD_RUNPATH_SEARCH_PATHS = (
					"$(inherited)",
					"@executable_path/Frameworks",
				);
				PRODUCT_BUNDLE_IDENTIFIER = com.zimperium.TableViewFun;
				PRODUCT_NAME = "$(TARGET_NAME)";
				SWIFT_VERSION = 4.0;
				TARGETED_DEVICE_FAMILY = "1,2";
			};
			name = Release;
		};
		BA1D2CBC20C97ABB002C11EA /* Debug */ = {
			isa = XCBuildConfiguration;
			buildSettings = {
				ALWAYS_EMBED_SWIFT_STANDARD_LIBRARIES = YES;
				BUNDLE_LOADER = "$(TEST_HOST)";
				CODE_SIGN_STYLE = Automatic;
				DEVELOPMENT_TEAM = N3FQ24S5A7;
				INFOPLIST_FILE = TableViewFunTests/Info.plist;
				LD_RUNPATH_SEARCH_PATHS = (
					"$(inherited)",
					"@executable_path/Frameworks",
					"@loader_path/Frameworks",
				);
				PRODUCT_BUNDLE_IDENTIFIER = com.zimperium.TableViewFunTests;
				PRODUCT_NAME = "$(TARGET_NAME)";
				SWIFT_VERSION = 4.0;
				TARGETED_DEVICE_FAMILY = "1,2";
				TEST_HOST = "$(BUILT_PRODUCTS_DIR)/TableViewFun.app/TableViewFun";
			};
			name = Debug;
		};
		BA1D2CBD20C97ABB002C11EA /* Release */ = {
			isa = XCBuildConfiguration;
			buildSettings = {
				ALWAYS_EMBED_SWIFT_STANDARD_LIBRARIES = YES;
				BUNDLE_LOADER = "$(TEST_HOST)";
				CODE_SIGN_STYLE = Automatic;
				DEVELOPMENT_TEAM = N3FQ24S5A7;
				INFOPLIST_FILE = TableViewFunTests/Info.plist;
				LD_RUNPATH_SEARCH_PATHS = (
					"$(inherited)",
					"@executable_path/Frameworks",
					"@loader_path/Frameworks",
				);
				PRODUCT_BUNDLE_IDENTIFIER = com.zimperium.TableViewFunTests;
				PRODUCT_NAME = "$(TARGET_NAME)";
				SWIFT_VERSION = 4.0;
				TARGETED_DEVICE_FAMILY = "1,2";
				TEST_HOST = "$(BUILT_PRODUCTS_DIR)/TableViewFun.app/TableViewFun";
			};
			name = Release;
		};
		BA1D2CBF20C97ABB002C11EA /* Debug */ = {
			isa = XCBuildConfiguration;
			buildSettings = {
				ALWAYS_EMBED_SWIFT_STANDARD_LIBRARIES = YES;
				CODE_SIGN_STYLE = Automatic;
				DEVELOPMENT_TEAM = N3FQ24S5A7;
				INFOPLIST_FILE = TableViewFunUITests/Info.plist;
				LD_RUNPATH_SEARCH_PATHS = (
					"$(inherited)",
					"@executable_path/Frameworks",
					"@loader_path/Frameworks",
				);
				PRODUCT_BUNDLE_IDENTIFIER = com.zimperium.TableViewFunUITests;
				PRODUCT_NAME = "$(TARGET_NAME)";
				SWIFT_VERSION = 4.0;
				TARGETED_DEVICE_FAMILY = "1,2";
				TEST_TARGET_NAME = TableViewFun;
			};
			name = Debug;
		};
		BA1D2CC020C97ABB002C11EA /* Release */ = {
			isa = XCBuildConfiguration;
			buildSettings = {
				ALWAYS_EMBED_SWIFT_STANDARD_LIBRARIES = YES;
				CODE_SIGN_STYLE = Automatic;
				DEVELOPMENT_TEAM = N3FQ24S5A7;
				INFOPLIST_FILE = TableViewFunUITests/Info.plist;
				LD_RUNPATH_SEARCH_PATHS = (
					"$(inherited)",
					"@executable_path/Frameworks",
					"@loader_path/Frameworks",
				);
				PRODUCT_BUNDLE_IDENTIFIER = com.zimperium.TableViewFunUITests;
				PRODUCT_NAME = "$(TARGET_NAME)";
				SWIFT_VERSION = 4.0;
				TARGETED_DEVICE_FAMILY = "1,2";
				TEST_TARGET_NAME = TableViewFun;
			};
			name = Release;
		};
/* End XCBuildConfiguration section */

/* Begin XCConfigurationList section */
		BA1D2C8B20C97AB9002C11EA /* Build configuration list for PBXProject "TableViewFun" */ = {
			isa = XCConfigurationList;
			buildConfigurations = (
				BA1D2CB620C97ABB002C11EA /* Debug */,
				BA1D2CB720C97ABB002C11EA /* Release */,
			);
			defaultConfigurationIsVisible = 0;
			defaultConfigurationName = Release;
		};
		BA1D2CB820C97ABB002C11EA /* Build configuration list for PBXNativeTarget "TableViewFun" */ = {
			isa = XCConfigurationList;
			buildConfigurations = (
				BA1D2CB920C97ABB002C11EA /* Debug */,
				BA1D2CBA20C97ABB002C11EA /* Release */,
			);
			defaultConfigurationIsVisible = 0;
			defaultConfigurationName = Release;
		};
		BA1D2CBB20C97ABB002C11EA /* Build configuration list for PBXNativeTarget "TableViewFunTests" */ = {
			isa = XCConfigurationList;
			buildConfigurations = (
				BA1D2CBC20C97ABB002C11EA /* Debug */,
				BA1D2CBD20C97ABB002C11EA /* Release */,
			);
			defaultConfigurationIsVisible = 0;
			defaultConfigurationName = Release;
		};
		BA1D2CBE20C97ABB002C11EA /* Build configuration list for PBXNativeTarget "TableViewFunUITests" */ = {
			isa = XCConfigurationList;
			buildConfigurations = (
				BA1D2CBF20C97ABB002C11EA /* Debug */,
				BA1D2CC020C97ABB002C11EA /* Release */,
			);
			defaultConfigurationIsVisible = 0;
			defaultConfigurationName = Release;
		};
/* End XCConfigurationList section */
	};
	rootObject = BA1D2C8820C97AB9002C11EA /* Project object */;
}
